
Microsoft Visual Studio Solution File, Format Version 12.00
# Visual Studio Version 17
VisualStudioVersion = 17.8.34525.116
MinimumVisualStudioVersion = 10.0.40219.1
Project("{8BC9CEB8-8B4A-11D0-8D11-00A0C91BC942}") = "kairos_sfml_1", "kairos_sfml_1\kairos_sfml_1.vcxproj", "{B682226F-6005-4A7C-97B4-3C4EC67D3A92}"
EndProject
Global
	GlobalSection(SolutionConfigurationPlatforms) = preSolution
		Debug|x64 = Debug|x64
		Debug|x86 = Debug|x86
		Release|x64 = Release|x64
		Release|x86 = Release|x86
	EndGlobalSection
	GlobalSection(ProjectConfigurationPlatforms) = postSolution
		{B682226F-6005-4A7C-97B4-3C4EC67D3A92}.Debug|x64.ActiveCfg = Debug|x64
		{B682226F-6005-4A7C-97B4-3C4EC67D3A92}.Debug|x64.Build.0 = Debug|x64
		{B682226F-6005-4A7C-97B4-3C4EC67D3A92}.Debug|x86.ActiveCfg = Debug|Win32
		{B682226F-6005-4A7C-97B4-3C4EC67D3A92}.Debug|x86.Build.0 = Debug|Win32
		{B682226F-6005-4A7C-97B4-3C4EC67D3A92}.Release|x64.ActiveCfg = Release|x64
		{B682226F-6005-4A7C-97B4-3C4EC67D3A92}.Release|x64.Build.0 = Release|x64
		{B682226F-6005-4A7C-97B4-3C4EC67D3A92}.Release|x86.ActiveCfg = Release|Win32
		{B682226F-6005-4A7C-97B4-3C4EC67D3A92}.Release|x86.Build.0 = Release|Win32
	EndGlobalSection
	GlobalSection(SolutionProperties) = preSolution
		HideSolutionNode = FALSE
	EndGlobalSection
	GlobalSection(ExtensibilityGlobals) = postSolution
		SolutionGuid = {10FBE3BE-95C3-43AC-BEA0-4ECCEEE97CE9}
	EndGlobalSection
EndGlobal
