
Microsoft Visual Studio Solution File, Format Version 12.00
# Visual Studio Version 17
VisualStudioVersion = 17.8.34525.116
MinimumVisualStudioVersion = 10.0.40219.1
Project("{8BC9CEB8-8B4A-11D0-8D11-00A0C91BC942}") = "kairos_sfml_test_2", "kairos_sfml_test_2\kairos_sfml_test_2.vcxproj", "{5BCB33C3-E894-4FD5-8496-9BA98EE5F302}"
EndProject
Global
	GlobalSection(SolutionConfigurationPlatforms) = preSolution
		Debug|x64 = Debug|x64
		Debug|x86 = Debug|x86
		Release|x64 = Release|x64
		Release|x86 = Release|x86
	EndGlobalSection
	GlobalSection(ProjectConfigurationPlatforms) = postSolution
		{5BCB33C3-E894-4FD5-8496-9BA98EE5F302}.Debug|x64.ActiveCfg = Debug|x64
		{5BCB33C3-E894-4FD5-8496-9BA98EE5F302}.Debug|x64.Build.0 = Debug|x64
		{5BCB33C3-E894-4FD5-8496-9BA98EE5F302}.Debug|x86.ActiveCfg = Debug|Win32
		{5BCB33C3-E894-4FD5-8496-9BA98EE5F302}.Debug|x86.Build.0 = Debug|Win32
		{5BCB33C3-E894-4FD5-8496-9BA98EE5F302}.Release|x64.ActiveCfg = Release|x64
		{5BCB33C3-E894-4FD5-8496-9BA98EE5F302}.Release|x64.Build.0 = Release|x64
		{5BCB33C3-E894-4FD5-8496-9BA98EE5F302}.Release|x86.ActiveCfg = Release|Win32
		{5BCB33C3-E894-4FD5-8496-9BA98EE5F302}.Release|x86.Build.0 = Release|Win32
	EndGlobalSection
	GlobalSection(SolutionProperties) = preSolution
		HideSolutionNode = FALSE
	EndGlobalSection
	GlobalSection(ExtensibilityGlobals) = postSolution
		SolutionGuid = {E6F111D4-8E28-4576-8106-7E65DA499E1F}
	EndGlobalSection
EndGlobal
