
Microsoft Visual Studio Solution File, Format Version 12.00
# Visual Studio Version 17
VisualStudioVersion = 17.8.34525.116
MinimumVisualStudioVersion = 10.0.40219.1
Project("{FAE04EC0-301F-11D3-BF4B-00C04F79EFBC}") = "ConsoleApp1", "ConsoleApp1\ConsoleApp1.csproj", "{053B39B1-2326-4EB4-A3DB-6F8DF3323C1B}"
EndProject
Global
	GlobalSection(SolutionConfigurationPlatforms) = preSolution
		Debug|Any CPU = Debug|Any CPU
		Release|Any CPU = Release|Any CPU
	EndGlobalSection
	GlobalSection(ProjectConfigurationPlatforms) = postSolution
		{053B39B1-2326-4EB4-A3DB-6F8DF3323C1B}.Debug|Any CPU.ActiveCfg = Debug|Any CPU
		{053B39B1-2326-4EB4-A3DB-6F8DF3323C1B}.Debug|Any CPU.Build.0 = Debug|Any CPU
		{053B39B1-2326-4EB4-A3DB-6F8DF3323C1B}.Release|Any CPU.ActiveCfg = Release|Any CPU
		{053B39B1-2326-4EB4-A3DB-6F8DF3323C1B}.Release|Any CPU.Build.0 = Release|Any CPU
	EndGlobalSection
	GlobalSection(SolutionProperties) = preSolution
		HideSolutionNode = FALSE
	EndGlobalSection
	GlobalSection(ExtensibilityGlobals) = postSolution
		SolutionGuid = {A5636357-ABBC-4F36-B3F9-A66EB45E4CED}
	EndGlobalSection
EndGlobal
